
Microsoft Visual Studio Solution File, Format Version 10.00
# Visual Studio 2008
Project("{FAE04EC0-301F-11D3-BF4B-00C04F79EFBC}") = "Calculator", "Calculator\Calculator.csproj", "{38CAF927-57AD-4F09-9CC3-C8D8E2ABAE13}"
EndProject
Project("{FAE04EC0-301F-11D3-BF4B-00C04F79EFBC}") = "CalculatorContracts", "CalculatorContracts\CalculatorContracts.csproj", "{06307AB5-7D96-4F13-9E92-66189397EC1C}"
EndProject
Global
	GlobalSection(SolutionConfigurationPlatforms) = preSolution
		Debug|Any CPU = Debug|Any CPU
		Release|Any CPU = Release|Any CPU
	EndGlobalSection
	GlobalSection(ProjectConfigurationPlatforms) = postSolution
		{38CAF927-57AD-4F09-9CC3-C8D8E2ABAE13}.Debug|Any CPU.ActiveCfg = Debug|Any CPU
		{38CAF927-57AD-4F09-9CC3-C8D8E2ABAE13}.Debug|Any CPU.Build.0 = Debug|Any CPU
		{38CAF927-57AD-4F09-9CC3-C8D8E2ABAE13}.Release|Any CPU.ActiveCfg = Release|Any CPU
		{38CAF927-57AD-4F09-9CC3-C8D8E2ABAE13}.Release|Any CPU.Build.0 = Release|Any CPU
		{06307AB5-7D96-4F13-9E92-66189397EC1C}.Debug|Any CPU.ActiveCfg = Debug|Any CPU
		{06307AB5-7D96-4F13-9E92-66189397EC1C}.Debug|Any CPU.Build.0 = Debug|Any CPU
		{06307AB5-7D96-4F13-9E92-66189397EC1C}.Release|Any CPU.ActiveCfg = Release|Any CPU
		{06307AB5-7D96-4F13-9E92-66189397EC1C}.Release|Any CPU.Build.0 = Release|Any CPU
	EndGlobalSection
	GlobalSection(SolutionProperties) = preSolution
		HideSolutionNode = FALSE
	EndGlobalSection
EndGlobal
